// !$*UTF8*$!
{
	archiveVersion = 1;
	classes = {
	};
	objectVersion = 51;
	objects = {

/* Begin PBXBuildFile section */
		33EE79DA24FD5F0000A0B3DF /* AppDelegate.swift in Sources */ = {isa = PBXBuildFile; fileRef = 33EE79D924FD5F0000A0B3DF /* AppDelegate.swift */; };
		33EE79DC24FD5F0000A0B3DF /* SceneDelegate.swift in Sources */ = {isa = PBXBuildFile; fileRef = 33EE79DB24FD5F0000A0B3DF /* SceneDelegate.swift */; };
		33EE79E124FD5F0000A0B3DF /* Main.storyboard in Resources */ = {isa = PBXBuildFile; fileRef = 33EE79DF24FD5F0000A0B3DF /* Main.storyboard */; };
		33EE79E324FD5F0300A0B3DF /* Assets.xcassets in Resources */ = {isa = PBXBuildFile; fileRef = 33EE79E224FD5F0300A0B3DF /* Assets.xcassets */; };
		33EE79E624FD5F0300A0B3DF /* LaunchScreen.storyboard in Resources */ = {isa = PBXBuildFile; fileRef = 33EE79E424FD5F0300A0B3DF /* LaunchScreen.storyboard */; };
		33EE79F924FD65FA00A0B3DF /* MainMapViewController.swift in Sources */ = {isa = PBXBuildFile; fileRef = 33EE79F824FD65FA00A0B3DF /* MainMapViewController.swift */; };
		411E011B8667878498711C5A /* Pods_MyFit.framework in Frameworks */ = {isa = PBXBuildFile; fileRef = AA4D3595CF0DC888FC95490B /* Pods_MyFit.framework */; };
/* End PBXBuildFile section */

/* Begin PBXFileReference section */
		33EE79D624FD5F0000A0B3DF /* MyFit.app */ = {isa = PBXFileReference; explicitFileType = wrapper.application; includeInIndex = 0; path = MyFit.app; sourceTree = BUILT_PRODUCTS_DIR; };
		33EE79D924FD5F0000A0B3DF /* AppDelegate.swift */ = {isa = PBXFileReference; lastKnownFileType = sourcecode.swift; path = AppDelegate.swift; sourceTree = "<group>"; };
		33EE79DB24FD5F0000A0B3DF /* SceneDelegate.swift */ = {isa = PBXFileReference; lastKnownFileType = sourcecode.swift; path = SceneDelegate.swift; sourceTree = "<group>"; };
		33EE79E024FD5F0000A0B3DF /* Base */ = {isa = PBXFileReference; lastKnownFileType = file.storyboard; name = Base; path = Base.lproj/Main.storyboard; sourceTree = "<group>"; };
		33EE79E224FD5F0300A0B3DF /* Assets.xcassets */ = {isa = PBXFileReference; lastKnownFileType = folder.assetcatalog; path = Assets.xcassets; sourceTree = "<group>"; };
		33EE79E524FD5F0300A0B3DF /* Base */ = {isa = PBXFileReference; lastKnownFileType = file.storyboard; name = Base; path = Base.lproj/LaunchScreen.storyboard; sourceTree = "<group>"; };
		33EE79E724FD5F0300A0B3DF /* Info.plist */ = {isa = PBXFileReference; lastKnownFileType = text.plist.xml; path = Info.plist; sourceTree = "<group>"; };
		33EE79F824FD65FA00A0B3DF /* MainMapViewController.swift */ = {isa = PBXFileReference; lastKnownFileType = sourcecode.swift; path = MainMapViewController.swift; sourceTree = "<group>"; };
		965497270AFA3D071D877BB4 /* Pods-MyFit.release.xcconfig */ = {isa = PBXFileReference; includeInIndex = 1; lastKnownFileType = text.xcconfig; name = "Pods-MyFit.release.xcconfig"; path = "Target Support Files/Pods-MyFit/Pods-MyFit.release.xcconfig"; sourceTree = "<group>"; };
		A32B59951CD0655270799FAD /* Pods-MyFit.debug.xcconfig */ = {isa = PBXFileReference; includeInIndex = 1; lastKnownFileType = text.xcconfig; name = "Pods-MyFit.debug.xcconfig"; path = "Target Support Files/Pods-MyFit/Pods-MyFit.debug.xcconfig"; sourceTree = "<group>"; };
		AA4D3595CF0DC888FC95490B /* Pods_MyFit.framework */ = {isa = PBXFileReference; explicitFileType = wrapper.framework; includeInIndex = 0; path = Pods_MyFit.framework; sourceTree = BUILT_PRODUCTS_DIR; };
/* End PBXFileReference section */

/* Begin PBXFrameworksBuildPhase section */
		33EE79D324FD5F0000A0B3DF /* Frameworks */ = {
			isa = PBXFrameworksBuildPhase;
			buildActionMask = 2147483647;
			files = (
				411E011B8667878498711C5A /* Pods_MyFit.framework in Frameworks */,
			);
			runOnlyForDeploymentPostprocessing = 0;
		};
/* End PBXFrameworksBuildPhase section */

/* Begin PBXGroup section */
		1E1027BF99E5D78B9F9902B2 /* Pods */ = {
			isa = PBXGroup;
			children = (
				A32B59951CD0655270799FAD /* Pods-MyFit.debug.xcconfig */,
				965497270AFA3D071D877BB4 /* Pods-MyFit.release.xcconfig */,
			);
			path = Pods;
			sourceTree = "<group>";
		};
		1F7DD4FF2DFE5EA2E614D9E8 /* Frameworks */ = {
			isa = PBXGroup;
			children = (
				AA4D3595CF0DC888FC95490B /* Pods_MyFit.framework */,
			);
			name = Frameworks;
			sourceTree = "<group>";
		};
		33EE79CD24FD5F0000A0B3DF = {
			isa = PBXGroup;
			children = (
				33EE79D824FD5F0000A0B3DF /* MyFit */,
				33EE79D724FD5F0000A0B3DF /* Products */,
				1E1027BF99E5D78B9F9902B2 /* Pods */,
				1F7DD4FF2DFE5EA2E614D9E8 /* Frameworks */,
			);
			sourceTree = "<group>";
		};
		33EE79D724FD5F0000A0B3DF /* Products */ = {
			isa = PBXGroup;
			children = (
				33EE79D624FD5F0000A0B3DF /* MyFit.app */,
			);
			name = Products;
			sourceTree = "<group>";
		};
		33EE79D824FD5F0000A0B3DF /* MyFit */ = {
			isa = PBXGroup;
			children = (
				33EE79ED24FD623700A0B3DF /* App */,
				33EE79F224FD62C200A0B3DF /* Core */,
				33EE79F324FD62DF00A0B3DF /* Resources */,
				33EE79F424FD62F200A0B3DF /* Environments */,
			);
			path = MyFit;
			sourceTree = "<group>";
		};
		33EE79ED24FD623700A0B3DF /* App */ = {
			isa = PBXGroup;
			children = (
				33EE79D924FD5F0000A0B3DF /* AppDelegate.swift */,
				33EE79DB24FD5F0000A0B3DF /* SceneDelegate.swift */,
				33EE79F124FD629200A0B3DF /* Flows */,
				33EE79F024FD628400A0B3DF /* Assembly */,
				33EE79EF24FD627600A0B3DF /* Entity */,
				33EE79EE24FD626600A0B3DF /* BusinessLogic */,
			);
			path = App;
			sourceTree = "<group>";
		};
		33EE79EE24FD626600A0B3DF /* BusinessLogic */ = {
			isa = PBXGroup;
			children = (
			);
			path = BusinessLogic;
			sourceTree = "<group>";
		};
		33EE79EF24FD627600A0B3DF /* Entity */ = {
			isa = PBXGroup;
			children = (
				33EE79F624FD659300A0B3DF /* MainMap */,
			);
			path = Entity;
			sourceTree = "<group>";
		};
		33EE79F024FD628400A0B3DF /* Assembly */ = {
			isa = PBXGroup;
			children = (
			);
			path = Assembly;
			sourceTree = "<group>";
		};
		33EE79F124FD629200A0B3DF /* Flows */ = {
			isa = PBXGroup;
			children = (
			);
			path = Flows;
			sourceTree = "<group>";
		};
		33EE79F224FD62C200A0B3DF /* Core */ = {
			isa = PBXGroup;
			children = (
			);
			path = Core;
			sourceTree = "<group>";
		};
		33EE79F324FD62DF00A0B3DF /* Resources */ = {
			isa = PBXGroup;
			children = (
				33EE79DF24FD5F0000A0B3DF /* Main.storyboard */,
				33EE79E424FD5F0300A0B3DF /* LaunchScreen.storyboard */,
				33EE79E224FD5F0300A0B3DF /* Assets.xcassets */,
			);
			path = Resources;
			sourceTree = "<group>";
		};
		33EE79F424FD62F200A0B3DF /* Environments */ = {
			isa = PBXGroup;
			children = (
				33EE79E724FD5F0300A0B3DF /* Info.plist */,
			);
			path = Environments;
			sourceTree = "<group>";
		};
		33EE79F624FD659300A0B3DF /* MainMap */ = {
			isa = PBXGroup;
			children = (
				33EE79F724FD65C300A0B3DF /* Controller */,
			);
			path = MainMap;
			sourceTree = "<group>";
		};
		33EE79F724FD65C300A0B3DF /* Controller */ = {
			isa = PBXGroup;
			children = (
				33EE79F824FD65FA00A0B3DF /* MainMapViewController.swift */,
			);
			path = Controller;
			sourceTree = "<group>";
		};
/* End PBXGroup section */

/* Begin PBXNativeTarget section */
		33EE79D524FD5F0000A0B3DF /* MyFit */ = {
			isa = PBXNativeTarget;
			buildConfigurationList = 33EE79EA24FD5F0300A0B3DF /* Build configuration list for PBXNativeTarget "MyFit" */;
			buildPhases = (
				35B7DC2924E13ACA756FAA27 /* [CP] Check Pods Manifest.lock */,
				33EE79D224FD5F0000A0B3DF /* Sources */,
				33EE79D324FD5F0000A0B3DF /* Frameworks */,
				33EE79D424FD5F0000A0B3DF /* Resources */,
				0E69670D44779F2854D15941 /* [CP] Copy Pods Resources */,
			);
			buildRules = (
			);
			dependencies = (
			);
			name = MyFit;
			productName = MyFit;
			productReference = 33EE79D624FD5F0000A0B3DF /* MyFit.app */;
			productType = "com.apple.product-type.application";
		};
/* End PBXNativeTarget section */

/* Begin PBXProject section */
		33EE79CE24FD5F0000A0B3DF /* Project object */ = {
			isa = PBXProject;
			attributes = {
				LastSwiftUpdateCheck = 1160;
				LastUpgradeCheck = 1160;
				ORGANIZATIONNAME = "Андрей Закусов";
				TargetAttributes = {
					33EE79D524FD5F0000A0B3DF = {
						CreatedOnToolsVersion = 11.6;
					};
				};
			};
			buildConfigurationList = 33EE79D124FD5F0000A0B3DF /* Build configuration list for PBXProject "MyFit" */;
			compatibilityVersion = "Xcode 9.3";
			developmentRegion = en;
			hasScannedForEncodings = 0;
			knownRegions = (
				en,
				Base,
			);
			mainGroup = 33EE79CD24FD5F0000A0B3DF;
			productRefGroup = 33EE79D724FD5F0000A0B3DF /* Products */;
			projectDirPath = "";
			projectRoot = "";
			targets = (
				33EE79D524FD5F0000A0B3DF /* MyFit */,
			);
		};
/* End PBXProject section */

/* Begin PBXResourcesBuildPhase section */
		33EE79D424FD5F0000A0B3DF /* Resources */ = {
			isa = PBXResourcesBuildPhase;
			buildActionMask = 2147483647;
			files = (
				33EE79E624FD5F0300A0B3DF /* LaunchScreen.storyboard in Resources */,
				33EE79E324FD5F0300A0B3DF /* Assets.xcassets in Resources */,
				33EE79E124FD5F0000A0B3DF /* Main.storyboard in Resources */,
			);
			runOnlyForDeploymentPostprocessing = 0;
		};
/* End PBXResourcesBuildPhase section */

/* Begin PBXShellScriptBuildPhase section */
		0E69670D44779F2854D15941 /* [CP] Copy Pods Resources */ = {
			isa = PBXShellScriptBuildPhase;
			buildActionMask = 2147483647;
			files = (
			);
			inputFileListPaths = (
				"${PODS_ROOT}/Target Support Files/Pods-MyFit/Pods-MyFit-resources-${CONFIGURATION}-input-files.xcfilelist",
			);
			name = "[CP] Copy Pods Resources";
			outputFileListPaths = (
				"${PODS_ROOT}/Target Support Files/Pods-MyFit/Pods-MyFit-resources-${CONFIGURATION}-output-files.xcfilelist",
			);
			runOnlyForDeploymentPostprocessing = 0;
			shellPath = /bin/sh;
			shellScript = "\"${PODS_ROOT}/Target Support Files/Pods-MyFit/Pods-MyFit-resources.sh\"\n";
			showEnvVarsInLog = 0;
		};
		35B7DC2924E13ACA756FAA27 /* [CP] Check Pods Manifest.lock */ = {
			isa = PBXShellScriptBuildPhase;
			buildActionMask = 2147483647;
			files = (
			);
			inputFileListPaths = (
			);
			inputPaths = (
				"${PODS_PODFILE_DIR_PATH}/Podfile.lock",
				"${PODS_ROOT}/Manifest.lock",
			);
			name = "[CP] Check Pods Manifest.lock";
			outputFileListPaths = (
			);
			outputPaths = (
				"$(DERIVED_FILE_DIR)/Pods-MyFit-checkManifestLockResult.txt",
			);
			runOnlyForDeploymentPostprocessing = 0;
			shellPath = /bin/sh;
			shellScript = "diff \"${PODS_PODFILE_DIR_PATH}/Podfile.lock\" \"${PODS_ROOT}/Manifest.lock\" > /dev/null\nif [ $? != 0 ] ; then\n    # print error to STDERR\n    echo \"error: The sandbox is not in sync with the Podfile.lock. Run 'pod install' or update your CocoaPods installation.\" >&2\n    exit 1\nfi\n# This output is used by Xcode 'outputs' to avoid re-running this script phase.\necho \"SUCCESS\" > \"${SCRIPT_OUTPUT_FILE_0}\"\n";
			showEnvVarsInLog = 0;
		};
/* End PBXShellScriptBuildPhase section */

/* Begin PBXSourcesBuildPhase section */
		33EE79D224FD5F0000A0B3DF /* Sources */ = {
			isa = PBXSourcesBuildPhase;
			buildActionMask = 2147483647;
			files = (
				33EE79F924FD65FA00A0B3DF /* MainMapViewController.swift in Sources */,
				33EE79DA24FD5F0000A0B3DF /* AppDelegate.swift in Sources */,
				33EE79DC24FD5F0000A0B3DF /* SceneDelegate.swift in Sources */,
			);
			runOnlyForDeploymentPostprocessing = 0;
		};
/* End PBXSourcesBuildPhase section */

/* Begin PBXVariantGroup section */
		33EE79DF24FD5F0000A0B3DF /* Main.storyboard */ = {
			isa = PBXVariantGroup;
			children = (
				33EE79E024FD5F0000A0B3DF /* Base */,
			);
			name = Main.storyboard;
			sourceTree = "<group>";
		};
		33EE79E424FD5F0300A0B3DF /* LaunchScreen.storyboard */ = {
			isa = PBXVariantGroup;
			children = (
				33EE79E524FD5F0300A0B3DF /* Base */,
			);
			name = LaunchScreen.storyboard;
			sourceTree = "<group>";
		};
/* End PBXVariantGroup section */

/* Begin XCBuildConfiguration section */
		33EE79E824FD5F0300A0B3DF /* Debug */ = {
			isa = XCBuildConfiguration;
			buildSettings = {
				ALWAYS_SEARCH_USER_PATHS = NO;
				CLANG_ANALYZER_NONNULL = YES;
				CLANG_ANALYZER_NUMBER_OBJECT_CONVERSION = YES_AGGRESSIVE;
				CLANG_CXX_LANGUAGE_STANDARD = "gnu++14";
				CLANG_CXX_LIBRARY = "libc++";
				CLANG_ENABLE_MODULES = YES;
				CLANG_ENABLE_OBJC_ARC = YES;
				CLANG_ENABLE_OBJC_WEAK = YES;
				CLANG_WARN_BLOCK_CAPTURE_AUTORELEASING = YES;
				CLANG_WARN_BOOL_CONVERSION = YES;
				CLANG_WARN_COMMA = YES;
				CLANG_WARN_CONSTANT_CONVERSION = YES;
				CLANG_WARN_DEPRECATED_OBJC_IMPLEMENTATIONS = YES;
				CLANG_WARN_DIRECT_OBJC_ISA_USAGE = YES_ERROR;
				CLANG_WARN_DOCUMENTATION_COMMENTS = YES;
				CLANG_WARN_EMPTY_BODY = YES;
				CLANG_WARN_ENUM_CONVERSION = YES;
				CLANG_WARN_INFINITE_RECURSION = YES;
				CLANG_WARN_INT_CONVERSION = YES;
				CLANG_WARN_NON_LITERAL_NULL_CONVERSION = YES;
				CLANG_WARN_OBJC_IMPLICIT_RETAIN_SELF = YES;
				CLANG_WARN_OBJC_LITERAL_CONVERSION = YES;
				CLANG_WARN_OBJC_ROOT_CLASS = YES_ERROR;
				CLANG_WARN_RANGE_LOOP_ANALYSIS = YES;
				CLANG_WARN_STRICT_PROTOTYPES = YES;
				CLANG_WARN_SUSPICIOUS_MOVE = YES;
				CLANG_WARN_UNGUARDED_AVAILABILITY = YES_AGGRESSIVE;
				CLANG_WARN_UNREACHABLE_CODE = YES;
				CLANG_WARN__DUPLICATE_METHOD_MATCH = YES;
				COPY_PHASE_STRIP = NO;
				DEBUG_INFORMATION_FORMAT = dwarf;
				ENABLE_STRICT_OBJC_MSGSEND = YES;
				ENABLE_TESTABILITY = YES;
				GCC_C_LANGUAGE_STANDARD = gnu11;
				GCC_DYNAMIC_NO_PIC = NO;
				GCC_NO_COMMON_BLOCKS = YES;
				GCC_OPTIMIZATION_LEVEL = 0;
				GCC_PREPROCESSOR_DEFINITIONS = (
					"DEBUG=1",
					"$(inherited)",
				);
				GCC_WARN_64_TO_32_BIT_CONVERSION = YES;
				GCC_WARN_ABOUT_RETURN_TYPE = YES_ERROR;
				GCC_WARN_UNDECLARED_SELECTOR = YES;
				GCC_WARN_UNINITIALIZED_AUTOS = YES_AGGRESSIVE;
				GCC_WARN_UNUSED_FUNCTION = YES;
				GCC_WARN_UNUSED_VARIABLE = YES;
				IPHONEOS_DEPLOYMENT_TARGET = 13.6;
				MTL_ENABLE_DEBUG_INFO = INCLUDE_SOURCE;
				MTL_FAST_MATH = YES;
				ONLY_ACTIVE_ARCH = YES;
				SDKROOT = iphoneos;
				SWIFT_ACTIVE_COMPILATION_CONDITIONS = DEBUG;
				SWIFT_OPTIMIZATION_LEVEL = "-Onone";
			};
			name = Debug;
		};
		33EE79E924FD5F0300A0B3DF /* Release */ = {
			isa = XCBuildConfiguration;
			buildSettings = {
				ALWAYS_SEARCH_USER_PATHS = NO;
				CLANG_ANALYZER_NONNULL = YES;
				CLANG_ANALYZER_NUMBER_OBJECT_CONVERSION = YES_AGGRESSIVE;
				CLANG_CXX_LANGUAGE_STANDARD = "gnu++14";
				CLANG_CXX_LIBRARY = "libc++";
				CLANG_ENABLE_MODULES = YES;
				CLANG_ENABLE_OBJC_ARC = YES;
				CLANG_ENABLE_OBJC_WEAK = YES;
				CLANG_WARN_BLOCK_CAPTURE_AUTORELEASING = YES;
				CLANG_WARN_BOOL_CONVERSION = YES;
				CLANG_WARN_COMMA = YES;
				CLANG_WARN_CONSTANT_CONVERSION = YES;
				CLANG_WARN_DEPRECATED_OBJC_IMPLEMENTATIONS = YES;
				CLANG_WARN_DIRECT_OBJC_ISA_USAGE = YES_ERROR;
				CLANG_WARN_DOCUMENTATION_COMMENTS = YES;
				CLANG_WARN_EMPTY_BODY = YES;
				CLANG_WARN_ENUM_CONVERSION = YES;
				CLANG_WARN_INFINITE_RECURSION = YES;
				CLANG_WARN_INT_CONVERSION = YES;
				CLANG_WARN_NON_LITERAL_NULL_CONVERSION = YES;
				CLANG_WARN_OBJC_IMPLICIT_RETAIN_SELF = YES;
				CLANG_WARN_OBJC_LITERAL_CONVERSION = YES;
				CLANG_WARN_OBJC_ROOT_CLASS = YES_ERROR;
				CLANG_WARN_RANGE_LOOP_ANALYSIS = YES;
				CLANG_WARN_STRICT_PROTOTYPES = YES;
				CLANG_WARN_SUSPICIOUS_MOVE = YES;
				CLANG_WARN_UNGUARDED_AVAILABILITY = YES_AGGRESSIVE;
				CLANG_WARN_UNREACHABLE_CODE = YES;
				CLANG_WARN__DUPLICATE_METHOD_MATCH = YES;
				COPY_PHASE_STRIP = NO;
				DEBUG_INFORMATION_FORMAT = "dwarf-with-dsym";
				ENABLE_NS_ASSERTIONS = NO;
				ENABLE_STRICT_OBJC_MSGSEND = YES;
				GCC_C_LANGUAGE_STANDARD = gnu11;
				GCC_NO_COMMON_BLOCKS = YES;
				GCC_WARN_64_TO_32_BIT_CONVERSION = YES;
				GCC_WARN_ABOUT_RETURN_TYPE = YES_ERROR;
				GCC_WARN_UNDECLARED_SELECTOR = YES;
				GCC_WARN_UNINITIALIZED_AUTOS = YES_AGGRESSIVE;
				GCC_WARN_UNUSED_FUNCTION = YES;
				GCC_WARN_UNUSED_VARIABLE = YES;
				IPHONEOS_DEPLOYMENT_TARGET = 13.6;
				MTL_ENABLE_DEBUG_INFO = NO;
				MTL_FAST_MATH = YES;
				SDKROOT = iphoneos;
				SWIFT_COMPILATION_MODE = wholemodule;
				SWIFT_OPTIMIZATION_LEVEL = "-O";
				VALIDATE_PRODUCT = YES;
			};
			name = Release;
		};
		33EE79EB24FD5F0300A0B3DF /* Debug */ = {
			isa = XCBuildConfiguration;
			baseConfigurationReference = A32B59951CD0655270799FAD /* Pods-MyFit.debug.xcconfig */;
			buildSettings = {
				ASSETCATALOG_COMPILER_APPICON_NAME = AppIcon;
				CODE_SIGN_STYLE = Automatic;
				INFOPLIST_FILE = MyFit/Environments/Info.plist;
				LD_RUNPATH_SEARCH_PATHS = (
					"$(inherited)",
					"@executable_path/Frameworks",
				);
				PRODUCT_BUNDLE_IDENTIFIER = kio.inc.MyFit;
				PRODUCT_NAME = "$(TARGET_NAME)";
				SWIFT_VERSION = 5.0;
				TARGETED_DEVICE_FAMILY = "1,2";
			};
			name = Debug;
		};
		33EE79EC24FD5F0300A0B3DF /* Release */ = {
			isa = XCBuildConfiguration;
			baseConfigurationReference = 965497270AFA3D071D877BB4 /* Pods-MyFit.release.xcconfig */;
			buildSettings = {
				ASSETCATALOG_COMPILER_APPICON_NAME = AppIcon;
				CODE_SIGN_STYLE = Automatic;
				INFOPLIST_FILE = MyFit/Environments/Info.plist;
				LD_RUNPATH_SEARCH_PATHS = (
					"$(inherited)",
					"@executable_path/Frameworks",
				);
				PRODUCT_BUNDLE_IDENTIFIER = kio.inc.MyFit;
				PRODUCT_NAME = "$(TARGET_NAME)";
				SWIFT_VERSION = 5.0;
				TARGETED_DEVICE_FAMILY = "1,2";
			};
			name = Release;
		};
/* End XCBuildConfiguration section */

/* Begin XCConfigurationList section */
		33EE79D124FD5F0000A0B3DF /* Build configuration list for PBXProject "MyFit" */ = {
			isa = XCConfigurationList;
			buildConfigurations = (
				33EE79E824FD5F0300A0B3DF /* Debug */,
				33EE79E924FD5F0300A0B3DF /* Release */,
			);
			defaultConfigurationIsVisible = 0;
			defaultConfigurationName = Release;
		};
		33EE79EA24FD5F0300A0B3DF /* Build configuration list for PBXNativeTarget "MyFit" */ = {
			isa = XCConfigurationList;
			buildConfigurations = (
				33EE79EB24FD5F0300A0B3DF /* Debug */,
				33EE79EC24FD5F0300A0B3DF /* Release */,
			);
			defaultConfigurationIsVisible = 0;
			defaultConfigurationName = Release;
		};
/* End XCConfigurationList section */
	};
	rootObject = 33EE79CE24FD5F0000A0B3DF /* Project object */;
}
